
Microsoft Visual Studio Solution File, Format Version 12.00
# Visual Studio Version 17
VisualStudioVersion = 17.6.33829.357
MinimumVisualStudioVersion = 10.0.40219.1
Project("{FAE04EC0-301F-11D3-BF4B-00C04F79EFBC}") = "Pasta_Pisirme_Sürec_Uygulamasi", "Pasta_Pisirme_Sürec_Uygulamasi\Pasta_Pisirme_Sürec_Uygulamasi.csproj", "{A0ADF72A-198F-4C16-B202-7BC273B82D13}"
EndProject
Global
	GlobalSection(SolutionConfigurationPlatforms) = preSolution
		Debug|Any CPU = Debug|Any CPU
		Release|Any CPU = Release|Any CPU
	EndGlobalSection
	GlobalSection(ProjectConfigurationPlatforms) = postSolution
		{A0ADF72A-198F-4C16-B202-7BC273B82D13}.Debug|Any CPU.ActiveCfg = Debug|Any CPU
		{A0ADF72A-198F-4C16-B202-7BC273B82D13}.Debug|Any CPU.Build.0 = Debug|Any CPU
		{A0ADF72A-198F-4C16-B202-7BC273B82D13}.Release|Any CPU.ActiveCfg = Release|Any CPU
		{A0ADF72A-198F-4C16-B202-7BC273B82D13}.Release|Any CPU.Build.0 = Release|Any CPU
	EndGlobalSection
	GlobalSection(SolutionProperties) = preSolution
		HideSolutionNode = FALSE
	EndGlobalSection
	GlobalSection(ExtensibilityGlobals) = postSolution
		SolutionGuid = {71013E3F-1110-45EB-9D5A-F83F203A4C7D}
	EndGlobalSection
EndGlobal
